
Microsoft Visual Studio Solution File, Format Version 12.00
# Visual Studio Version 17
VisualStudioVersion = 17.9.34723.18
MinimumVisualStudioVersion = 10.0.40219.1
Project("{FAE04EC0-301F-11D3-BF4B-00C04F79EFBC}") = "Lecture_12", "Lecture_12\Lecture_12.csproj", "{18530972-BB46-4EF2-A25C-9A9095FCEDD8}"
EndProject
Global
	GlobalSection(SolutionConfigurationPlatforms) = preSolution
		Debug|Any CPU = Debug|Any CPU
		Release|Any CPU = Release|Any CPU
	EndGlobalSection
	GlobalSection(ProjectConfigurationPlatforms) = postSolution
		{18530972-BB46-4EF2-A25C-9A9095FCEDD8}.Debug|Any CPU.ActiveCfg = Debug|Any CPU
		{18530972-BB46-4EF2-A25C-9A9095FCEDD8}.Debug|Any CPU.Build.0 = Debug|Any CPU
		{18530972-BB46-4EF2-A25C-9A9095FCEDD8}.Release|Any CPU.ActiveCfg = Release|Any CPU
		{18530972-BB46-4EF2-A25C-9A9095FCEDD8}.Release|Any CPU.Build.0 = Release|Any CPU
	EndGlobalSection
	GlobalSection(SolutionProperties) = preSolution
		HideSolutionNode = FALSE
	EndGlobalSection
	GlobalSection(ExtensibilityGlobals) = postSolution
		SolutionGuid = {4CCB7A19-9DE3-4087-8215-E1A0EF1EE49F}
	EndGlobalSection
EndGlobal
